// !$*UTF8*$!
{
	archiveVersion = 1;
	classes = {
	};
	objectVersion = 55;
	objects = {

/* Begin PBXBuildFile section */
		E707ABE128E5785100737E2D /* FirebaseAnalytics in Frameworks */ = {isa = PBXBuildFile; productRef = E707ABE028E5785100737E2D /* FirebaseAnalytics */; };
		E707ABE328E5785100737E2D /* FirebaseAuth in Frameworks */ = {isa = PBXBuildFile; productRef = E707ABE228E5785100737E2D /* FirebaseAuth */; };
		E707ABE528E5785100737E2D /* FirebaseDatabase in Frameworks */ = {isa = PBXBuildFile; productRef = E707ABE428E5785100737E2D /* FirebaseDatabase */; };
		E707ABE728E5785100737E2D /* FirebaseFirestore in Frameworks */ = {isa = PBXBuildFile; productRef = E707ABE628E5785100737E2D /* FirebaseFirestore */; };
		E707F28528D9A261001F55F8 /* UIHelper.swift in Sources */ = {isa = PBXBuildFile; fileRef = E707F28428D9A261001F55F8 /* UIHelper.swift */; };
		E707F29428D9BC5D001F55F8 /* Lato-Italic.ttf in Resources */ = {isa = PBXBuildFile; fileRef = E707F28828D9A32A001F55F8 /* Lato-Italic.ttf */; };
		E707F29528D9BC5D001F55F8 /* Lato-LightItalic.ttf in Resources */ = {isa = PBXBuildFile; fileRef = E707F28928D9A32A001F55F8 /* Lato-LightItalic.ttf */; };
		E707F29628D9BC5D001F55F8 /* Lato-Thin.ttf in Resources */ = {isa = PBXBuildFile; fileRef = E707F28A28D9A32A001F55F8 /* Lato-Thin.ttf */; };
		E707F29728D9BC5D001F55F8 /* Lato-Bold.ttf in Resources */ = {isa = PBXBuildFile; fileRef = E707F28B28D9A32A001F55F8 /* Lato-Bold.ttf */; };
		E707F29828D9BC5D001F55F8 /* Lato-Black.ttf in Resources */ = {isa = PBXBuildFile; fileRef = E707F28C28D9A32A001F55F8 /* Lato-Black.ttf */; };
		E707F29928D9BC5D001F55F8 /* Lato-Regular.ttf in Resources */ = {isa = PBXBuildFile; fileRef = E707F28D28D9A32A001F55F8 /* Lato-Regular.ttf */; };
		E707F29A28D9BC5D001F55F8 /* Lato-BlackItalic.ttf in Resources */ = {isa = PBXBuildFile; fileRef = E707F28E28D9A32A001F55F8 /* Lato-BlackItalic.ttf */; };
		E707F29B28D9BC63001F55F8 /* Lato-BoldItalic.ttf in Resources */ = {isa = PBXBuildFile; fileRef = E707F29028D9A32A001F55F8 /* Lato-BoldItalic.ttf */; };
		E707F29C28D9BC63001F55F8 /* Lato-Light.ttf in Resources */ = {isa = PBXBuildFile; fileRef = E707F29128D9A32A001F55F8 /* Lato-Light.ttf */; };
		E707F29D28D9BC63001F55F8 /* Lato-ThinItalic.ttf in Resources */ = {isa = PBXBuildFile; fileRef = E707F29228D9A32A001F55F8 /* Lato-ThinItalic.ttf */; };
		E707F2A028DABD44001F55F8 /* CustomTextField.swift in Sources */ = {isa = PBXBuildFile; fileRef = E707F29F28DABD44001F55F8 /* CustomTextField.swift */; };
		E7ADD8A928E6A9EA008C506B /* TaskCell.swift in Sources */ = {isa = PBXBuildFile; fileRef = E7ADD8A828E6A9EA008C506B /* TaskCell.swift */; };
		E7ADD8AB28E6D565008C506B /* Helper.swift in Sources */ = {isa = PBXBuildFile; fileRef = E7ADD8AA28E6D565008C506B /* Helper.swift */; };
		E7ADD8AD28E6F1D5008C506B /* FirebaseMessaging in Frameworks */ = {isa = PBXBuildFile; productRef = E7ADD8AC28E6F1D5008C506B /* FirebaseMessaging */; };
		E7C4DCA228EAED48008E5CC7 /* TemplateModal.swift in Sources */ = {isa = PBXBuildFile; fileRef = E7C4DCA128EAED48008E5CC7 /* TemplateModal.swift */; };
		E7C4DCA428EAF101008E5CC7 /* TemplateCell.swift in Sources */ = {isa = PBXBuildFile; fileRef = E7C4DCA328EAF101008E5CC7 /* TemplateCell.swift */; };
		E7C997FA28ED3582003EFE73 /* SignUpView.swift in Sources */ = {isa = PBXBuildFile; fileRef = E7C997F928ED3582003EFE73 /* SignUpView.swift */; };
		E7C997FC28ED36CA003EFE73 /* SignUpViewController.swift in Sources */ = {isa = PBXBuildFile; fileRef = E7C997FB28ED36CA003EFE73 /* SignUpViewController.swift */; };
		E7C997FE28ED7BBB003EFE73 /* Global.swift in Sources */ = {isa = PBXBuildFile; fileRef = E7C997FD28ED7BBB003EFE73 /* Global.swift */; };
		E7D5232328D32C8900BB5F27 /* AppDelegate.swift in Sources */ = {isa = PBXBuildFile; fileRef = E7D5232228D32C8900BB5F27 /* AppDelegate.swift */; };
		E7D5232528D32C8900BB5F27 /* SceneDelegate.swift in Sources */ = {isa = PBXBuildFile; fileRef = E7D5232428D32C8900BB5F27 /* SceneDelegate.swift */; };
		E7D5232728D32C8900BB5F27 /* LoginViewController.swift in Sources */ = {isa = PBXBuildFile; fileRef = E7D5232628D32C8900BB5F27 /* LoginViewController.swift */; };
		E7D5232C28D32C8A00BB5F27 /* Assets.xcassets in Resources */ = {isa = PBXBuildFile; fileRef = E7D5232B28D32C8A00BB5F27 /* Assets.xcassets */; };
		E7D5232F28D32C8A00BB5F27 /* LaunchScreen.storyboard in Resources */ = {isa = PBXBuildFile; fileRef = E7D5232D28D32C8A00BB5F27 /* LaunchScreen.storyboard */; };
		E7DE32A128E0AD7800398287 /* EditReportView.swift in Sources */ = {isa = PBXBuildFile; fileRef = E7DE32A028E0AD7800398287 /* EditReportView.swift */; };
		E7DE32A328E0AFC700398287 /* AddReportCell.swift in Sources */ = {isa = PBXBuildFile; fileRef = E7DE32A228E0AFC700398287 /* AddReportCell.swift */; };
		E7DE32A528E15C9D00398287 /* Report.swift in Sources */ = {isa = PBXBuildFile; fileRef = E7DE32A428E15C9D00398287 /* Report.swift */; };
		E7DE32B128E299A300398287 /* NSObject+Database.m in Sources */ = {isa = PBXBuildFile; fileRef = E7DE32B028E299A300398287 /* NSObject+Database.m */; };
		E7DE32B328E2A39800398287 /* GoogleService-Info.plist in Resources */ = {isa = PBXBuildFile; fileRef = E7DE32B228E2A39800398287 /* GoogleService-Info.plist */; };
		E7DE32B528E2A59C00398287 /* Remote.swift in Sources */ = {isa = PBXBuildFile; fileRef = E7DE32B428E2A59C00398287 /* Remote.swift */; };
		E7DE32B728E2A8C100398287 /* UserSession.swift in Sources */ = {isa = PBXBuildFile; fileRef = E7DE32B628E2A8C100398287 /* UserSession.swift */; };
		E7DE32B928E35EB100398287 /* UserReportCell.swift in Sources */ = {isa = PBXBuildFile; fileRef = E7DE32B828E35EB100398287 /* UserReportCell.swift */; };
		E7DE4A0328DC07C200E4C7BF /* HomeViewController.swift in Sources */ = {isa = PBXBuildFile; fileRef = E7DE4A0228DC07C200E4C7BF /* HomeViewController.swift */; };
		E7DE4A0628DC087600E4C7BF /* LoginView.swift in Sources */ = {isa = PBXBuildFile; fileRef = E7DE4A0528DC087600E4C7BF /* LoginView.swift */; };
		E7DE4A0828DC176E00E4C7BF /* HomeView.swift in Sources */ = {isa = PBXBuildFile; fileRef = E7DE4A0728DC176E00E4C7BF /* HomeView.swift */; };
		E7DE4A0B28DC60E400E4C7BF /* ReportCell.swift in Sources */ = {isa = PBXBuildFile; fileRef = E7DE4A0A28DC60E400E4C7BF /* ReportCell.swift */; };
		E7DE4A0D28DD608800E4C7BF /* ViewReportViewController.swift in Sources */ = {isa = PBXBuildFile; fileRef = E7DE4A0C28DD608800E4C7BF /* ViewReportViewController.swift */; };
		E7DE4A0F28DD60C600E4C7BF /* ViewReportView.swift in Sources */ = {isa = PBXBuildFile; fileRef = E7DE4A0E28DD60C600E4C7BF /* ViewReportView.swift */; };
		E7DE4A1128DD8E8D00E4C7BF /* DetailReportCell.swift in Sources */ = {isa = PBXBuildFile; fileRef = E7DE4A1028DD8E8D00E4C7BF /* DetailReportCell.swift */; };
		E7DE4A1428DD949700E4C7BF /* Task.swift in Sources */ = {isa = PBXBuildFile; fileRef = E7DE4A1328DD949700E4C7BF /* Task.swift */; };
		E7DE4A1728DDB99A00E4C7BF /* EditReportViewController.swift in Sources */ = {isa = PBXBuildFile; fileRef = E7DE4A1628DDB99A00E4C7BF /* EditReportViewController.swift */; };
/* End PBXBuildFile section */

/* Begin PBXFileReference section */
		E707F28428D9A261001F55F8 /* UIHelper.swift */ = {isa = PBXFileReference; lastKnownFileType = sourcecode.swift; path = UIHelper.swift; sourceTree = "<group>"; };
		E707F28828D9A32A001F55F8 /* Lato-Italic.ttf */ = {isa = PBXFileReference; lastKnownFileType = file; path = "Lato-Italic.ttf"; sourceTree = "<group>"; };
		E707F28928D9A32A001F55F8 /* Lato-LightItalic.ttf */ = {isa = PBXFileReference; lastKnownFileType = file; path = "Lato-LightItalic.ttf"; sourceTree = "<group>"; };
		E707F28A28D9A32A001F55F8 /* Lato-Thin.ttf */ = {isa = PBXFileReference; lastKnownFileType = file; path = "Lato-Thin.ttf"; sourceTree = "<group>"; };
		E707F28B28D9A32A001F55F8 /* Lato-Bold.ttf */ = {isa = PBXFileReference; lastKnownFileType = file; path = "Lato-Bold.ttf"; sourceTree = "<group>"; };
		E707F28C28D9A32A001F55F8 /* Lato-Black.ttf */ = {isa = PBXFileReference; lastKnownFileType = file; path = "Lato-Black.ttf"; sourceTree = "<group>"; };
		E707F28D28D9A32A001F55F8 /* Lato-Regular.ttf */ = {isa = PBXFileReference; lastKnownFileType = file; path = "Lato-Regular.ttf"; sourceTree = "<group>"; };
		E707F28E28D9A32A001F55F8 /* Lato-BlackItalic.ttf */ = {isa = PBXFileReference; lastKnownFileType = file; path = "Lato-BlackItalic.ttf"; sourceTree = "<group>"; };
		E707F29028D9A32A001F55F8 /* Lato-BoldItalic.ttf */ = {isa = PBXFileReference; lastKnownFileType = file; path = "Lato-BoldItalic.ttf"; sourceTree = "<group>"; };
		E707F29128D9A32A001F55F8 /* Lato-Light.ttf */ = {isa = PBXFileReference; lastKnownFileType = file; path = "Lato-Light.ttf"; sourceTree = "<group>"; };
		E707F29228D9A32A001F55F8 /* Lato-ThinItalic.ttf */ = {isa = PBXFileReference; lastKnownFileType = file; path = "Lato-ThinItalic.ttf"; sourceTree = "<group>"; };
		E707F29F28DABD44001F55F8 /* CustomTextField.swift */ = {isa = PBXFileReference; lastKnownFileType = sourcecode.swift; path = CustomTextField.swift; sourceTree = "<group>"; };
		E7ADD8A828E6A9EA008C506B /* TaskCell.swift */ = {isa = PBXFileReference; lastKnownFileType = sourcecode.swift; path = TaskCell.swift; sourceTree = "<group>"; };
		E7ADD8AA28E6D565008C506B /* Helper.swift */ = {isa = PBXFileReference; lastKnownFileType = sourcecode.swift; path = Helper.swift; sourceTree = "<group>"; };
		E7C4DCA128EAED48008E5CC7 /* TemplateModal.swift */ = {isa = PBXFileReference; lastKnownFileType = sourcecode.swift; path = TemplateModal.swift; sourceTree = "<group>"; };
		E7C4DCA328EAF101008E5CC7 /* TemplateCell.swift */ = {isa = PBXFileReference; lastKnownFileType = sourcecode.swift; path = TemplateCell.swift; sourceTree = "<group>"; };
		E7C997F928ED3582003EFE73 /* SignUpView.swift */ = {isa = PBXFileReference; lastKnownFileType = sourcecode.swift; path = SignUpView.swift; sourceTree = "<group>"; };
		E7C997FB28ED36CA003EFE73 /* SignUpViewController.swift */ = {isa = PBXFileReference; lastKnownFileType = sourcecode.swift; path = SignUpViewController.swift; sourceTree = "<group>"; };
		E7C997FD28ED7BBB003EFE73 /* Global.swift */ = {isa = PBXFileReference; lastKnownFileType = sourcecode.swift; path = Global.swift; sourceTree = "<group>"; };
		E7D5231F28D32C8900BB5F27 /* ReportApp.app */ = {isa = PBXFileReference; explicitFileType = wrapper.application; includeInIndex = 0; path = ReportApp.app; sourceTree = BUILT_PRODUCTS_DIR; };
		E7D5232228D32C8900BB5F27 /* AppDelegate.swift */ = {isa = PBXFileReference; lastKnownFileType = sourcecode.swift; path = AppDelegate.swift; sourceTree = "<group>"; };
		E7D5232428D32C8900BB5F27 /* SceneDelegate.swift */ = {isa = PBXFileReference; lastKnownFileType = sourcecode.swift; path = SceneDelegate.swift; sourceTree = "<group>"; };
		E7D5232628D32C8900BB5F27 /* LoginViewController.swift */ = {isa = PBXFileReference; lastKnownFileType = sourcecode.swift; path = LoginViewController.swift; sourceTree = "<group>"; };
		E7D5232B28D32C8A00BB5F27 /* Assets.xcassets */ = {isa = PBXFileReference; lastKnownFileType = folder.assetcatalog; path = Assets.xcassets; sourceTree = "<group>"; };
		E7D5232E28D32C8A00BB5F27 /* Base */ = {isa = PBXFileReference; lastKnownFileType = file.storyboard; name = Base; path = Base.lproj/LaunchScreen.storyboard; sourceTree = "<group>"; };
		E7D5233028D32C8A00BB5F27 /* Info.plist */ = {isa = PBXFileReference; lastKnownFileType = text.plist.xml; path = Info.plist; sourceTree = "<group>"; };
		E7DE32A028E0AD7800398287 /* EditReportView.swift */ = {isa = PBXFileReference; lastKnownFileType = sourcecode.swift; path = EditReportView.swift; sourceTree = "<group>"; };
		E7DE32A228E0AFC700398287 /* AddReportCell.swift */ = {isa = PBXFileReference; lastKnownFileType = sourcecode.swift; path = AddReportCell.swift; sourceTree = "<group>"; };
		E7DE32A428E15C9D00398287 /* Report.swift */ = {isa = PBXFileReference; lastKnownFileType = sourcecode.swift; path = Report.swift; sourceTree = "<group>"; };
		E7DE32A628E1AC1100398287 /* ReportApp-Bridging-Header.h */ = {isa = PBXFileReference; lastKnownFileType = sourcecode.c.h; path = "ReportApp-Bridging-Header.h"; sourceTree = "<group>"; };
		E7DE32AF28E299A300398287 /* NSObject+Database.h */ = {isa = PBXFileReference; lastKnownFileType = sourcecode.c.h; path = "NSObject+Database.h"; sourceTree = "<group>"; };
		E7DE32B028E299A300398287 /* NSObject+Database.m */ = {isa = PBXFileReference; lastKnownFileType = sourcecode.c.objc; path = "NSObject+Database.m"; sourceTree = "<group>"; };
		E7DE32B228E2A39800398287 /* GoogleService-Info.plist */ = {isa = PBXFileReference; fileEncoding = 4; lastKnownFileType = text.plist.xml; path = "GoogleService-Info.plist"; sourceTree = "<group>"; };
		E7DE32B428E2A59C00398287 /* Remote.swift */ = {isa = PBXFileReference; lastKnownFileType = sourcecode.swift; path = Remote.swift; sourceTree = "<group>"; };
		E7DE32B628E2A8C100398287 /* UserSession.swift */ = {isa = PBXFileReference; lastKnownFileType = sourcecode.swift; path = UserSession.swift; sourceTree = "<group>"; };
		E7DE32B828E35EB100398287 /* UserReportCell.swift */ = {isa = PBXFileReference; lastKnownFileType = sourcecode.swift; path = UserReportCell.swift; sourceTree = "<group>"; };
		E7DE4A0228DC07C200E4C7BF /* HomeViewController.swift */ = {isa = PBXFileReference; lastKnownFileType = sourcecode.swift; path = HomeViewController.swift; sourceTree = "<group>"; };
		E7DE4A0528DC087600E4C7BF /* LoginView.swift */ = {isa = PBXFileReference; lastKnownFileType = sourcecode.swift; path = LoginView.swift; sourceTree = "<group>"; };
		E7DE4A0728DC176E00E4C7BF /* HomeView.swift */ = {isa = PBXFileReference; lastKnownFileType = sourcecode.swift; path = HomeView.swift; sourceTree = "<group>"; };
		E7DE4A0A28DC60E400E4C7BF /* ReportCell.swift */ = {isa = PBXFileReference; lastKnownFileType = sourcecode.swift; path = ReportCell.swift; sourceTree = "<group>"; };
		E7DE4A0C28DD608800E4C7BF /* ViewReportViewController.swift */ = {isa = PBXFileReference; lastKnownFileType = sourcecode.swift; path = ViewReportViewController.swift; sourceTree = "<group>"; };
		E7DE4A0E28DD60C600E4C7BF /* ViewReportView.swift */ = {isa = PBXFileReference; lastKnownFileType = sourcecode.swift; path = ViewReportView.swift; sourceTree = "<group>"; };
		E7DE4A1028DD8E8D00E4C7BF /* DetailReportCell.swift */ = {isa = PBXFileReference; lastKnownFileType = sourcecode.swift; path = DetailReportCell.swift; sourceTree = "<group>"; };
		E7DE4A1328DD949700E4C7BF /* Task.swift */ = {isa = PBXFileReference; lastKnownFileType = sourcecode.swift; path = Task.swift; sourceTree = "<group>"; };
		E7DE4A1628DDB99A00E4C7BF /* EditReportViewController.swift */ = {isa = PBXFileReference; lastKnownFileType = sourcecode.swift; path = EditReportViewController.swift; sourceTree = "<group>"; };
/* End PBXFileReference section */

/* Begin PBXFrameworksBuildPhase section */
		E7D5231C28D32C8900BB5F27 /* Frameworks */ = {
			isa = PBXFrameworksBuildPhase;
			buildActionMask = 2147483647;
			files = (
				E707ABE528E5785100737E2D /* FirebaseDatabase in Frameworks */,
				E707ABE728E5785100737E2D /* FirebaseFirestore in Frameworks */,
				E7ADD8AD28E6F1D5008C506B /* FirebaseMessaging in Frameworks */,
				E707ABE128E5785100737E2D /* FirebaseAnalytics in Frameworks */,
				E707ABE328E5785100737E2D /* FirebaseAuth in Frameworks */,
			);
			runOnlyForDeploymentPostprocessing = 0;
		};
/* End PBXFrameworksBuildPhase section */

/* Begin PBXGroup section */
		E707ABDF28E5785100737E2D /* Frameworks */ = {
			isa = PBXGroup;
			children = (
			);
			name = Frameworks;
			sourceTree = "<group>";
		};
		E707F28628D9A30F001F55F8 /* Material */ = {
			isa = PBXGroup;
			children = (
				E707F29328D9A32F001F55F8 /* Font */,
			);
			path = Material;
			sourceTree = "<group>";
		};
		E707F28728D9A32A001F55F8 /* Lato */ = {
			isa = PBXGroup;
			children = (
				E707F28828D9A32A001F55F8 /* Lato-Italic.ttf */,
				E707F28928D9A32A001F55F8 /* Lato-LightItalic.ttf */,
				E707F28A28D9A32A001F55F8 /* Lato-Thin.ttf */,
				E707F28B28D9A32A001F55F8 /* Lato-Bold.ttf */,
				E707F28C28D9A32A001F55F8 /* Lato-Black.ttf */,
				E707F28D28D9A32A001F55F8 /* Lato-Regular.ttf */,
				E707F28E28D9A32A001F55F8 /* Lato-BlackItalic.ttf */,
				E707F29028D9A32A001F55F8 /* Lato-BoldItalic.ttf */,
				E707F29128D9A32A001F55F8 /* Lato-Light.ttf */,
				E707F29228D9A32A001F55F8 /* Lato-ThinItalic.ttf */,
			);
			path = Lato;
			sourceTree = "<group>";
		};
		E707F29328D9A32F001F55F8 /* Font */ = {
			isa = PBXGroup;
			children = (
				E707F28728D9A32A001F55F8 /* Lato */,
			);
			path = Font;
			sourceTree = "<group>";
		};
		E707F29E28DABD15001F55F8 /* View */ = {
			isa = PBXGroup;
			children = (
				E707F2A328DADAFF001F55F8 /* Custom */,
				E7DE4A0528DC087600E4C7BF /* LoginView.swift */,
				E7DE4A0728DC176E00E4C7BF /* HomeView.swift */,
				E7DE4A0E28DD60C600E4C7BF /* ViewReportView.swift */,
				E7DE32A028E0AD7800398287 /* EditReportView.swift */,
				E7C997F928ED3582003EFE73 /* SignUpView.swift */,
			);
			path = View;
			sourceTree = "<group>";
		};
		E707F2A328DADAFF001F55F8 /* Custom */ = {
			isa = PBXGroup;
			children = (
				E707F29F28DABD44001F55F8 /* CustomTextField.swift */,
			);
			path = Custom;
			sourceTree = "<group>";
		};
		E7C4DCA028EAED2D008E5CC7 /* Modal */ = {
			isa = PBXGroup;
			children = (
				E7C4DCA128EAED48008E5CC7 /* TemplateModal.swift */,
			);
			path = Modal;
			sourceTree = "<group>";
		};
		E7D5231628D32C8900BB5F27 = {
			isa = PBXGroup;
			children = (
				E7D5232128D32C8900BB5F27 /* ReportApp */,
				E7D5232028D32C8900BB5F27 /* Products */,
				E707ABDF28E5785100737E2D /* Frameworks */,
			);
			sourceTree = "<group>";
			usesTabs = 0;
		};
		E7D5232028D32C8900BB5F27 /* Products */ = {
			isa = PBXGroup;
			children = (
				E7D5231F28D32C8900BB5F27 /* ReportApp.app */,
			);
			name = Products;
			sourceTree = "<group>";
		};
		E7D5232128D32C8900BB5F27 /* ReportApp */ = {
			isa = PBXGroup;
			children = (
				E7DE32A628E1AC1100398287 /* ReportApp-Bridging-Header.h */,
				E7C4DCA028EAED2D008E5CC7 /* Modal */,
				E7DE32A928E2972E00398287 /* Database */,
				E7DE4A1528DDB95B00E4C7BF /* Helper */,
				E707F28628D9A30F001F55F8 /* Material */,
				E7DE4A1228DD948100E4C7BF /* Model */,
				E7DE4A0928DC60AF00E4C7BF /* Cell */,
				E7DE4A0128DC07AB00E4C7BF /* ViewController */,
				E707F29E28DABD15001F55F8 /* View */,
				E7D5232228D32C8900BB5F27 /* AppDelegate.swift */,
				E7D5232428D32C8900BB5F27 /* SceneDelegate.swift */,
				E7D5232B28D32C8A00BB5F27 /* Assets.xcassets */,
				E7D5232D28D32C8A00BB5F27 /* LaunchScreen.storyboard */,
				E7D5233028D32C8A00BB5F27 /* Info.plist */,
				E7DE32B228E2A39800398287 /* GoogleService-Info.plist */,
			);
			path = ReportApp;
			sourceTree = "<group>";
		};
		E7DE32A928E2972E00398287 /* Database */ = {
			isa = PBXGroup;
			children = (
				E7DE32AF28E299A300398287 /* NSObject+Database.h */,
				E7DE32B028E299A300398287 /* NSObject+Database.m */,
				E7DE32B428E2A59C00398287 /* Remote.swift */,
			);
			path = Database;
			sourceTree = "<group>";
		};
		E7DE4A0128DC07AB00E4C7BF /* ViewController */ = {
			isa = PBXGroup;
			children = (
				E7D5232628D32C8900BB5F27 /* LoginViewController.swift */,
				E7DE4A0228DC07C200E4C7BF /* HomeViewController.swift */,
				E7DE4A0C28DD608800E4C7BF /* ViewReportViewController.swift */,
				E7DE4A1628DDB99A00E4C7BF /* EditReportViewController.swift */,
				E7C997FB28ED36CA003EFE73 /* SignUpViewController.swift */,
			);
			path = ViewController;
			sourceTree = "<group>";
		};
		E7DE4A0928DC60AF00E4C7BF /* Cell */ = {
			isa = PBXGroup;
			children = (
				E7DE4A0A28DC60E400E4C7BF /* ReportCell.swift */,
				E7DE4A1028DD8E8D00E4C7BF /* DetailReportCell.swift */,
				E7DE32A228E0AFC700398287 /* AddReportCell.swift */,
				E7DE32B828E35EB100398287 /* UserReportCell.swift */,
				E7ADD8A828E6A9EA008C506B /* TaskCell.swift */,
				E7C4DCA328EAF101008E5CC7 /* TemplateCell.swift */,
			);
			path = Cell;
			sourceTree = "<group>";
		};
		E7DE4A1228DD948100E4C7BF /* Model */ = {
			isa = PBXGroup;
			children = (
				E7DE4A1328DD949700E4C7BF /* Task.swift */,
				E7DE32A428E15C9D00398287 /* Report.swift */,
			);
			path = Model;
			sourceTree = "<group>";
		};
		E7DE4A1528DDB95B00E4C7BF /* Helper */ = {
			isa = PBXGroup;
			children = (
				E707F28428D9A261001F55F8 /* UIHelper.swift */,
				E7DE32B628E2A8C100398287 /* UserSession.swift */,
				E7ADD8AA28E6D565008C506B /* Helper.swift */,
				E7C997FD28ED7BBB003EFE73 /* Global.swift */,
			);
			path = Helper;
			sourceTree = "<group>";
		};
/* End PBXGroup section */

/* Begin PBXNativeTarget section */
		E7D5231E28D32C8900BB5F27 /* ReportApp */ = {
			isa = PBXNativeTarget;
			buildConfigurationList = E7D5233328D32C8A00BB5F27 /* Build configuration list for PBXNativeTarget "ReportApp" */;
			buildPhases = (
				E7D5231B28D32C8900BB5F27 /* Sources */,
				E7D5231C28D32C8900BB5F27 /* Frameworks */,
				E7D5231D28D32C8900BB5F27 /* Resources */,
			);
			buildRules = (
			);
			dependencies = (
			);
			name = ReportApp;
			packageProductDependencies = (
				E707ABE028E5785100737E2D /* FirebaseAnalytics */,
				E707ABE228E5785100737E2D /* FirebaseAuth */,
				E707ABE428E5785100737E2D /* FirebaseDatabase */,
				E707ABE628E5785100737E2D /* FirebaseFirestore */,
				E7ADD8AC28E6F1D5008C506B /* FirebaseMessaging */,
			);
			productName = ReportApp;
			productReference = E7D5231F28D32C8900BB5F27 /* ReportApp.app */;
			productType = "com.apple.product-type.application";
		};
/* End PBXNativeTarget section */

/* Begin PBXProject section */
		E7D5231728D32C8900BB5F27 /* Project object */ = {
			isa = PBXProject;
			attributes = {
				BuildIndependentTargetsInParallel = 1;
				LastSwiftUpdateCheck = 1340;
				LastUpgradeCheck = 1340;
				TargetAttributes = {
					E7D5231E28D32C8900BB5F27 = {
						CreatedOnToolsVersion = 13.4.1;
						LastSwiftMigration = 1340;
					};
				};
			};
			buildConfigurationList = E7D5231A28D32C8900BB5F27 /* Build configuration list for PBXProject "ReportApp" */;
			compatibilityVersion = "Xcode 13.0";
			developmentRegion = en;
			hasScannedForEncodings = 0;
			knownRegions = (
				en,
				Base,
			);
			mainGroup = E7D5231628D32C8900BB5F27;
			packageReferences = (
				E707F2A628DB11DB001F55F8 /* XCRemoteSwiftPackageReference "firebase-ios-sdk" */,
			);
			productRefGroup = E7D5232028D32C8900BB5F27 /* Products */;
			projectDirPath = "";
			projectRoot = "";
			targets = (
				E7D5231E28D32C8900BB5F27 /* ReportApp */,
			);
		};
/* End PBXProject section */

/* Begin PBXResourcesBuildPhase section */
		E7D5231D28D32C8900BB5F27 /* Resources */ = {
			isa = PBXResourcesBuildPhase;
			buildActionMask = 2147483647;
			files = (
				E707F29B28D9BC63001F55F8 /* Lato-BoldItalic.ttf in Resources */,
				E707F29C28D9BC63001F55F8 /* Lato-Light.ttf in Resources */,
				E707F29D28D9BC63001F55F8 /* Lato-ThinItalic.ttf in Resources */,
				E707F29428D9BC5D001F55F8 /* Lato-Italic.ttf in Resources */,
				E707F29528D9BC5D001F55F8 /* Lato-LightItalic.ttf in Resources */,
				E707F29628D9BC5D001F55F8 /* Lato-Thin.ttf in Resources */,
				E707F29728D9BC5D001F55F8 /* Lato-Bold.ttf in Resources */,
				E707F29828D9BC5D001F55F8 /* Lato-Black.ttf in Resources */,
				E707F29928D9BC5D001F55F8 /* Lato-Regular.ttf in Resources */,
				E707F29A28D9BC5D001F55F8 /* Lato-BlackItalic.ttf in Resources */,
				E7D5232F28D32C8A00BB5F27 /* LaunchScreen.storyboard in Resources */,
				E7DE32B328E2A39800398287 /* GoogleService-Info.plist in Resources */,
				E7D5232C28D32C8A00BB5F27 /* Assets.xcassets in Resources */,
			);
			runOnlyForDeploymentPostprocessing = 0;
		};
/* End PBXResourcesBuildPhase section */

/* Begin PBXSourcesBuildPhase section */
		E7D5231B28D32C8900BB5F27 /* Sources */ = {
			isa = PBXSourcesBuildPhase;
			buildActionMask = 2147483647;
			files = (
				E7DE32A528E15C9D00398287 /* Report.swift in Sources */,
				E7DE32A128E0AD7800398287 /* EditReportView.swift in Sources */,
				E7DE4A1128DD8E8D00E4C7BF /* DetailReportCell.swift in Sources */,
				E7DE4A0628DC087600E4C7BF /* LoginView.swift in Sources */,
				E7DE32A328E0AFC700398287 /* AddReportCell.swift in Sources */,
				E7DE4A1728DDB99A00E4C7BF /* EditReportViewController.swift in Sources */,
				E7C997FC28ED36CA003EFE73 /* SignUpViewController.swift in Sources */,
				E7D5232728D32C8900BB5F27 /* LoginViewController.swift in Sources */,
				E7C4DCA428EAF101008E5CC7 /* TemplateCell.swift in Sources */,
				E7C997FA28ED3582003EFE73 /* SignUpView.swift in Sources */,
				E7C4DCA228EAED48008E5CC7 /* TemplateModal.swift in Sources */,
				E7DE32B528E2A59C00398287 /* Remote.swift in Sources */,
				E7D5232328D32C8900BB5F27 /* AppDelegate.swift in Sources */,
				E7DE32B128E299A300398287 /* NSObject+Database.m in Sources */,
				E7DE4A0D28DD608800E4C7BF /* ViewReportViewController.swift in Sources */,
				E7DE32B728E2A8C100398287 /* UserSession.swift in Sources */,
				E7DE4A0F28DD60C600E4C7BF /* ViewReportView.swift in Sources */,
				E7D5232528D32C8900BB5F27 /* SceneDelegate.swift in Sources */,
				E707F28528D9A261001F55F8 /* UIHelper.swift in Sources */,
				E7DE32B928E35EB100398287 /* UserReportCell.swift in Sources */,
				E7C997FE28ED7BBB003EFE73 /* Global.swift in Sources */,
				E7DE4A1428DD949700E4C7BF /* Task.swift in Sources */,
				E7DE4A0828DC176E00E4C7BF /* HomeView.swift in Sources */,
				E7ADD8A928E6A9EA008C506B /* TaskCell.swift in Sources */,
				E707F2A028DABD44001F55F8 /* CustomTextField.swift in Sources */,
				E7ADD8AB28E6D565008C506B /* Helper.swift in Sources */,
				E7DE4A0328DC07C200E4C7BF /* HomeViewController.swift in Sources */,
				E7DE4A0B28DC60E400E4C7BF /* ReportCell.swift in Sources */,
			);
			runOnlyForDeploymentPostprocessing = 0;
		};
/* End PBXSourcesBuildPhase section */

/* Begin PBXVariantGroup section */
		E7D5232D28D32C8A00BB5F27 /* LaunchScreen.storyboard */ = {
			isa = PBXVariantGroup;
			children = (
				E7D5232E28D32C8A00BB5F27 /* Base */,
			);
			name = LaunchScreen.storyboard;
			sourceTree = "<group>";
		};
/* End PBXVariantGroup section */

/* Begin XCBuildConfiguration section */
		E7D5233128D32C8A00BB5F27 /* Debug */ = {
			isa = XCBuildConfiguration;
			buildSettings = {
				ALWAYS_SEARCH_USER_PATHS = NO;
				CLANG_ANALYZER_NONNULL = YES;
				CLANG_ANALYZER_NUMBER_OBJECT_CONVERSION = YES_AGGRESSIVE;
				CLANG_CXX_LANGUAGE_STANDARD = "gnu++17";
				CLANG_ENABLE_MODULES = YES;
				CLANG_ENABLE_OBJC_ARC = YES;
				CLANG_ENABLE_OBJC_WEAK = YES;
				CLANG_WARN_BLOCK_CAPTURE_AUTORELEASING = YES;
				CLANG_WARN_BOOL_CONVERSION = YES;
				CLANG_WARN_COMMA = YES;
				CLANG_WARN_CONSTANT_CONVERSION = YES;
				CLANG_WARN_DEPRECATED_OBJC_IMPLEMENTATIONS = YES;
				CLANG_WARN_DIRECT_OBJC_ISA_USAGE = YES_ERROR;
				CLANG_WARN_DOCUMENTATION_COMMENTS = YES;
				CLANG_WARN_EMPTY_BODY = YES;
				CLANG_WARN_ENUM_CONVERSION = YES;
				CLANG_WARN_INFINITE_RECURSION = YES;
				CLANG_WARN_INT_CONVERSION = YES;
				CLANG_WARN_NON_LITERAL_NULL_CONVERSION = YES;
				CLANG_WARN_OBJC_IMPLICIT_RETAIN_SELF = YES;
				CLANG_WARN_OBJC_LITERAL_CONVERSION = YES;
				CLANG_WARN_OBJC_ROOT_CLASS = YES_ERROR;
				CLANG_WARN_QUOTED_INCLUDE_IN_FRAMEWORK_HEADER = YES;
				CLANG_WARN_RANGE_LOOP_ANALYSIS = YES;
				CLANG_WARN_STRICT_PROTOTYPES = YES;
				CLANG_WARN_SUSPICIOUS_MOVE = YES;
				CLANG_WARN_UNGUARDED_AVAILABILITY = YES_AGGRESSIVE;
				CLANG_WARN_UNREACHABLE_CODE = YES;
				CLANG_WARN__DUPLICATE_METHOD_MATCH = YES;
				COPY_PHASE_STRIP = NO;
				DEBUG_INFORMATION_FORMAT = dwarf;
				ENABLE_STRICT_OBJC_MSGSEND = YES;
				ENABLE_TESTABILITY = YES;
				GCC_C_LANGUAGE_STANDARD = gnu11;
				GCC_DYNAMIC_NO_PIC = NO;
				GCC_NO_COMMON_BLOCKS = YES;
				GCC_OPTIMIZATION_LEVEL = 0;
				GCC_PREPROCESSOR_DEFINITIONS = (
					"DEBUG=1",
					"$(inherited)",
				);
				GCC_WARN_64_TO_32_BIT_CONVERSION = YES;
				GCC_WARN_ABOUT_RETURN_TYPE = YES_ERROR;
				GCC_WARN_UNDECLARED_SELECTOR = YES;
				GCC_WARN_UNINITIALIZED_AUTOS = YES_AGGRESSIVE;
				GCC_WARN_UNUSED_FUNCTION = YES;
				GCC_WARN_UNUSED_VARIABLE = YES;
				IPHONEOS_DEPLOYMENT_TARGET = 10.0;
				MTL_ENABLE_DEBUG_INFO = INCLUDE_SOURCE;
				MTL_FAST_MATH = YES;
				ONLY_ACTIVE_ARCH = YES;
				SDKROOT = iphoneos;
				SWIFT_ACTIVE_COMPILATION_CONDITIONS = DEBUG;
				SWIFT_OBJC_BRIDGING_HEADER = "";
				SWIFT_OPTIMIZATION_LEVEL = "-Onone";
			};
			name = Debug;
		};
		E7D5233228D32C8A00BB5F27 /* Release */ = {
			isa = XCBuildConfiguration;
			buildSettings = {
				ALWAYS_SEARCH_USER_PATHS = NO;
				CLANG_ANALYZER_NONNULL = YES;
				CLANG_ANALYZER_NUMBER_OBJECT_CONVERSION = YES_AGGRESSIVE;
				CLANG_CXX_LANGUAGE_STANDARD = "gnu++17";
				CLANG_ENABLE_MODULES = YES;
				CLANG_ENABLE_OBJC_ARC = YES;
				CLANG_ENABLE_OBJC_WEAK = YES;
				CLANG_WARN_BLOCK_CAPTURE_AUTORELEASING = YES;
				CLANG_WARN_BOOL_CONVERSION = YES;
				CLANG_WARN_COMMA = YES;
				CLANG_WARN_CONSTANT_CONVERSION = YES;
				CLANG_WARN_DEPRECATED_OBJC_IMPLEMENTATIONS = YES;
				CLANG_WARN_DIRECT_OBJC_ISA_USAGE = YES_ERROR;
				CLANG_WARN_DOCUMENTATION_COMMENTS = YES;
				CLANG_WARN_EMPTY_BODY = YES;
				CLANG_WARN_ENUM_CONVERSION = YES;
				CLANG_WARN_INFINITE_RECURSION = YES;
				CLANG_WARN_INT_CONVERSION = YES;
				CLANG_WARN_NON_LITERAL_NULL_CONVERSION = YES;
				CLANG_WARN_OBJC_IMPLICIT_RETAIN_SELF = YES;
				CLANG_WARN_OBJC_LITERAL_CONVERSION = YES;
				CLANG_WARN_OBJC_ROOT_CLASS = YES_ERROR;
				CLANG_WARN_QUOTED_INCLUDE_IN_FRAMEWORK_HEADER = YES;
				CLANG_WARN_RANGE_LOOP_ANALYSIS = YES;
				CLANG_WARN_STRICT_PROTOTYPES = YES;
				CLANG_WARN_SUSPICIOUS_MOVE = YES;
				CLANG_WARN_UNGUARDED_AVAILABILITY = YES_AGGRESSIVE;
				CLANG_WARN_UNREACHABLE_CODE = YES;
				CLANG_WARN__DUPLICATE_METHOD_MATCH = YES;
				COPY_PHASE_STRIP = NO;
				DEBUG_INFORMATION_FORMAT = "dwarf-with-dsym";
				ENABLE_NS_ASSERTIONS = NO;
				ENABLE_STRICT_OBJC_MSGSEND = YES;
				GCC_C_LANGUAGE_STANDARD = gnu11;
				GCC_NO_COMMON_BLOCKS = YES;
				GCC_WARN_64_TO_32_BIT_CONVERSION = YES;
				GCC_WARN_ABOUT_RETURN_TYPE = YES_ERROR;
				GCC_WARN_UNDECLARED_SELECTOR = YES;
				GCC_WARN_UNINITIALIZED_AUTOS = YES_AGGRESSIVE;
				GCC_WARN_UNUSED_FUNCTION = YES;
				GCC_WARN_UNUSED_VARIABLE = YES;
				IPHONEOS_DEPLOYMENT_TARGET = 10.0;
				MTL_ENABLE_DEBUG_INFO = NO;
				MTL_FAST_MATH = YES;
				ONLY_ACTIVE_ARCH = NO;
				SDKROOT = iphoneos;
				SWIFT_COMPILATION_MODE = wholemodule;
				SWIFT_OBJC_BRIDGING_HEADER = "";
				SWIFT_OPTIMIZATION_LEVEL = "-O";
				VALIDATE_PRODUCT = YES;
			};
			name = Release;
		};
		E7D5233428D32C8A00BB5F27 /* Debug */ = {
			isa = XCBuildConfiguration;
			buildSettings = {
				ASSETCATALOG_COMPILER_APPICON_NAME = AppIcon;
				ASSETCATALOG_COMPILER_GLOBAL_ACCENT_COLOR_NAME = AccentColor;
				CLANG_ENABLE_MODULES = YES;
				CODE_SIGN_STYLE = Automatic;
				CURRENT_PROJECT_VERSION = 1;
				DEVELOPMENT_TEAM = TQDRD368XZ;
				GENERATE_INFOPLIST_FILE = YES;
				INFOPLIST_FILE = ReportApp/Info.plist;
				INFOPLIST_KEY_UIApplicationSupportsIndirectInputEvents = YES;
				INFOPLIST_KEY_UILaunchStoryboardName = LaunchScreen;
				INFOPLIST_KEY_UIStatusBarHidden = YES;
				INFOPLIST_KEY_UISupportedInterfaceOrientations = UIInterfaceOrientationPortrait;
				INFOPLIST_KEY_UISupportedInterfaceOrientations_iPad = "UIInterfaceOrientationPortrait UIInterfaceOrientationPortraitUpsideDown UIInterfaceOrientationLandscapeLeft UIInterfaceOrientationLandscapeRight";
				INFOPLIST_KEY_UISupportedInterfaceOrientations_iPhone = "UIInterfaceOrientationPortrait UIInterfaceOrientationLandscapeLeft UIInterfaceOrientationLandscapeRight";
				IPHONEOS_DEPLOYMENT_TARGET = 10.0;
				LD_RUNPATH_SEARCH_PATHS = (
					"$(inherited)",
					"@executable_path/Frameworks",
				);
				MARKETING_VERSION = 1.0;
				PRODUCT_BUNDLE_IDENTIFIER = "Long-Thien.ReportApp";
				PRODUCT_NAME = "$(TARGET_NAME)";
				SWIFT_EMIT_LOC_STRINGS = YES;
				SWIFT_OBJC_BRIDGING_HEADER = "ReportApp/ReportApp-Bridging-Header.h";
				SWIFT_OPTIMIZATION_LEVEL = "-Onone";
				SWIFT_VERSION = 5.0;
				TARGETED_DEVICE_FAMILY = "1,2";
			};
			name = Debug;
		};
		E7D5233528D32C8A00BB5F27 /* Release */ = {
			isa = XCBuildConfiguration;
			buildSettings = {
				ASSETCATALOG_COMPILER_APPICON_NAME = AppIcon;
				ASSETCATALOG_COMPILER_GLOBAL_ACCENT_COLOR_NAME = AccentColor;
				CLANG_ENABLE_MODULES = YES;
				CODE_SIGN_STYLE = Automatic;
				CURRENT_PROJECT_VERSION = 1;
				DEVELOPMENT_TEAM = TQDRD368XZ;
				GENERATE_INFOPLIST_FILE = YES;
				INFOPLIST_FILE = ReportApp/Info.plist;
				INFOPLIST_KEY_UIApplicationSupportsIndirectInputEvents = YES;
				INFOPLIST_KEY_UILaunchStoryboardName = LaunchScreen;
				INFOPLIST_KEY_UIStatusBarHidden = YES;
				INFOPLIST_KEY_UISupportedInterfaceOrientations = UIInterfaceOrientationPortrait;
				INFOPLIST_KEY_UISupportedInterfaceOrientations_iPad = "UIInterfaceOrientationPortrait UIInterfaceOrientationPortraitUpsideDown UIInterfaceOrientationLandscapeLeft UIInterfaceOrientationLandscapeRight";
				INFOPLIST_KEY_UISupportedInterfaceOrientations_iPhone = "UIInterfaceOrientationPortrait UIInterfaceOrientationLandscapeLeft UIInterfaceOrientationLandscapeRight";
				IPHONEOS_DEPLOYMENT_TARGET = 10.0;
				LD_RUNPATH_SEARCH_PATHS = (
					"$(inherited)",
					"@executable_path/Frameworks",
				);
				MARKETING_VERSION = 1.0;
				PRODUCT_BUNDLE_IDENTIFIER = "Long-Thien.ReportApp";
				PRODUCT_NAME = "$(TARGET_NAME)";
				SWIFT_EMIT_LOC_STRINGS = YES;
				SWIFT_OBJC_BRIDGING_HEADER = "ReportApp/ReportApp-Bridging-Header.h";
				SWIFT_VERSION = 5.0;
				TARGETED_DEVICE_FAMILY = "1,2";
			};
			name = Release;
		};
/* End XCBuildConfiguration section */

/* Begin XCConfigurationList section */
		E7D5231A28D32C8900BB5F27 /* Build configuration list for PBXProject "ReportApp" */ = {
			isa = XCConfigurationList;
			buildConfigurations = (
				E7D5233128D32C8A00BB5F27 /* Debug */,
				E7D5233228D32C8A00BB5F27 /* Release */,
			);
			defaultConfigurationIsVisible = 0;
			defaultConfigurationName = Release;
		};
		E7D5233328D32C8A00BB5F27 /* Build configuration list for PBXNativeTarget "ReportApp" */ = {
			isa = XCConfigurationList;
			buildConfigurations = (
				E7D5233428D32C8A00BB5F27 /* Debug */,
				E7D5233528D32C8A00BB5F27 /* Release */,
			);
			defaultConfigurationIsVisible = 0;
			defaultConfigurationName = Release;
		};
/* End XCConfigurationList section */

/* Begin XCRemoteSwiftPackageReference section */
		E707F2A628DB11DB001F55F8 /* XCRemoteSwiftPackageReference "firebase-ios-sdk" */ = {
			isa = XCRemoteSwiftPackageReference;
			repositoryURL = "https://github.com/firebase/firebase-ios-sdk";
			requirement = {
				kind = upToNextMajorVersion;
				minimumVersion = 9.0.0;
			};
		};
/* End XCRemoteSwiftPackageReference section */

/* Begin XCSwiftPackageProductDependency section */
		E707ABE028E5785100737E2D /* FirebaseAnalytics */ = {
			isa = XCSwiftPackageProductDependency;
			package = E707F2A628DB11DB001F55F8 /* XCRemoteSwiftPackageReference "firebase-ios-sdk" */;
			productName = FirebaseAnalytics;
		};
		E707ABE228E5785100737E2D /* FirebaseAuth */ = {
			isa = XCSwiftPackageProductDependency;
			package = E707F2A628DB11DB001F55F8 /* XCRemoteSwiftPackageReference "firebase-ios-sdk" */;
			productName = FirebaseAuth;
		};
		E707ABE428E5785100737E2D /* FirebaseDatabase */ = {
			isa = XCSwiftPackageProductDependency;
			package = E707F2A628DB11DB001F55F8 /* XCRemoteSwiftPackageReference "firebase-ios-sdk" */;
			productName = FirebaseDatabase;
		};
		E707ABE628E5785100737E2D /* FirebaseFirestore */ = {
			isa = XCSwiftPackageProductDependency;
			package = E707F2A628DB11DB001F55F8 /* XCRemoteSwiftPackageReference "firebase-ios-sdk" */;
			productName = FirebaseFirestore;
		};
		E7ADD8AC28E6F1D5008C506B /* FirebaseMessaging */ = {
			isa = XCSwiftPackageProductDependency;
			package = E707F2A628DB11DB001F55F8 /* XCRemoteSwiftPackageReference "firebase-ios-sdk" */;
			productName = FirebaseMessaging;
		};
/* End XCSwiftPackageProductDependency section */
	};
	rootObject = E7D5231728D32C8900BB5F27 /* Project object */;
}
